
Microsoft Visual Studio Solution File, Format Version 12.00
# Visual Studio Version 17
VisualStudioVersion = 17.11.35303.130
MinimumVisualStudioVersion = 10.0.40219.1
Project("{FAE04EC0-301F-11D3-BF4B-00C04F79EFBC}") = "Triddm_NewsWebApp", "Triddm_NewsWebApp\Triddm_NewsWebApp.csproj", "{19C68EDB-EAA4-4989-8717-36B7DB11E04D}"
EndProject
Project("{FAE04EC0-301F-11D3-BF4B-00C04F79EFBC}") = "BusinessObjects", "BusinessObjects\BusinessObjects.csproj", "{6E593FA4-4C6E-4C6D-89C7-E8D28BFB3F4B}"
EndProject
Project("{FAE04EC0-301F-11D3-BF4B-00C04F79EFBC}") = "DAO", "DAO\DAO.csproj", "{A6A87126-10D9-444A-85B5-57F9FB6D59C1}"
EndProject
Project("{FAE04EC0-301F-11D3-BF4B-00C04F79EFBC}") = "Service", "Service\Service.csproj", "{B7CD678E-7680-48A9-8423-50E444A49430}"
EndProject
Global
	GlobalSection(SolutionConfigurationPlatforms) = preSolution
		Debug|Any CPU = Debug|Any CPU
		Release|Any CPU = Release|Any CPU
	EndGlobalSection
	GlobalSection(ProjectConfigurationPlatforms) = postSolution
		{19C68EDB-EAA4-4989-8717-36B7DB11E04D}.Debug|Any CPU.ActiveCfg = Debug|Any CPU
		{19C68EDB-EAA4-4989-8717-36B7DB11E04D}.Debug|Any CPU.Build.0 = Debug|Any CPU
		{19C68EDB-EAA4-4989-8717-36B7DB11E04D}.Release|Any CPU.ActiveCfg = Release|Any CPU
		{19C68EDB-EAA4-4989-8717-36B7DB11E04D}.Release|Any CPU.Build.0 = Release|Any CPU
		{6E593FA4-4C6E-4C6D-89C7-E8D28BFB3F4B}.Debug|Any CPU.ActiveCfg = Debug|Any CPU
		{6E593FA4-4C6E-4C6D-89C7-E8D28BFB3F4B}.Debug|Any CPU.Build.0 = Debug|Any CPU
		{6E593FA4-4C6E-4C6D-89C7-E8D28BFB3F4B}.Release|Any CPU.ActiveCfg = Release|Any CPU
		{6E593FA4-4C6E-4C6D-89C7-E8D28BFB3F4B}.Release|Any CPU.Build.0 = Release|Any CPU
		{A6A87126-10D9-444A-85B5-57F9FB6D59C1}.Debug|Any CPU.ActiveCfg = Debug|Any CPU
		{A6A87126-10D9-444A-85B5-57F9FB6D59C1}.Debug|Any CPU.Build.0 = Debug|Any CPU
		{A6A87126-10D9-444A-85B5-57F9FB6D59C1}.Release|Any CPU.ActiveCfg = Release|Any CPU
		{A6A87126-10D9-444A-85B5-57F9FB6D59C1}.Release|Any CPU.Build.0 = Release|Any CPU
		{B7CD678E-7680-48A9-8423-50E444A49430}.Debug|Any CPU.ActiveCfg = Debug|Any CPU
		{B7CD678E-7680-48A9-8423-50E444A49430}.Debug|Any CPU.Build.0 = Debug|Any CPU
		{B7CD678E-7680-48A9-8423-50E444A49430}.Release|Any CPU.ActiveCfg = Release|Any CPU
		{B7CD678E-7680-48A9-8423-50E444A49430}.Release|Any CPU.Build.0 = Release|Any CPU
	EndGlobalSection
	GlobalSection(SolutionProperties) = preSolution
		HideSolutionNode = FALSE
	EndGlobalSection
	GlobalSection(ExtensibilityGlobals) = postSolution
		SolutionGuid = {69E8D2C9-7838-4543-A626-FDF4E1A6E744}
	EndGlobalSection
EndGlobal
